// !$*UTF8*$!
{
	archiveVersion = 1;
	classes = {
	};
	objectVersion = 56;
	objects = {

/* Begin PBXBuildFile section */
		A629AC0C2914F2D5000EB710 /* AppDelegate.swift in Sources */ = {isa = PBXBuildFile; fileRef = A629AC0B2914F2D5000EB710 /* AppDelegate.swift */; };
		A629AC0E2914F2D5000EB710 /* SceneDelegate.swift in Sources */ = {isa = PBXBuildFile; fileRef = A629AC0D2914F2D5000EB710 /* SceneDelegate.swift */; };
		A629AC102914F2D5000EB710 /* ViewController.swift in Sources */ = {isa = PBXBuildFile; fileRef = A629AC0F2914F2D5000EB710 /* ViewController.swift */; };
		A629AC132914F2D5000EB710 /* Main.storyboard in Resources */ = {isa = PBXBuildFile; fileRef = A629AC112914F2D5000EB710 /* Main.storyboard */; };
		A629AC152914F2D6000EB710 /* Assets.xcassets in Resources */ = {isa = PBXBuildFile; fileRef = A629AC142914F2D6000EB710 /* Assets.xcassets */; };
		A629AC182914F2D6000EB710 /* LaunchScreen.storyboard in Resources */ = {isa = PBXBuildFile; fileRef = A629AC162914F2D6000EB710 /* LaunchScreen.storyboard */; };
		A629AC232914F2D7000EB710 /* calculatorTests.swift in Sources */ = {isa = PBXBuildFile; fileRef = A629AC222914F2D7000EB710 /* calculatorTests.swift */; };
		A629AC2D2914F2D7000EB710 /* calculatorUITests.swift in Sources */ = {isa = PBXBuildFile; fileRef = A629AC2C2914F2D7000EB710 /* calculatorUITests.swift */; };
		A629AC2F2914F2D7000EB710 /* calculatorUITestsLaunchTests.swift in Sources */ = {isa = PBXBuildFile; fileRef = A629AC2E2914F2D7000EB710 /* calculatorUITestsLaunchTests.swift */; };
/* End PBXBuildFile section */

/* Begin PBXContainerItemProxy section */
		A629AC1F2914F2D7000EB710 /* PBXContainerItemProxy */ = {
			isa = PBXContainerItemProxy;
			containerPortal = A629AC002914F2D5000EB710 /* Project object */;
			proxyType = 1;
			remoteGlobalIDString = A629AC072914F2D5000EB710;
			remoteInfo = calculator;
		};
		A629AC292914F2D7000EB710 /* PBXContainerItemProxy */ = {
			isa = PBXContainerItemProxy;
			containerPortal = A629AC002914F2D5000EB710 /* Project object */;
			proxyType = 1;
			remoteGlobalIDString = A629AC072914F2D5000EB710;
			remoteInfo = calculator;
		};
/* End PBXContainerItemProxy section */

/* Begin PBXFileReference section */
		A629AC082914F2D5000EB710 /* calculator.app */ = {isa = PBXFileReference; explicitFileType = wrapper.application; includeInIndex = 0; path = calculator.app; sourceTree = BUILT_PRODUCTS_DIR; };
		A629AC0B2914F2D5000EB710 /* AppDelegate.swift */ = {isa = PBXFileReference; lastKnownFileType = sourcecode.swift; path = AppDelegate.swift; sourceTree = "<group>"; };
		A629AC0D2914F2D5000EB710 /* SceneDelegate.swift */ = {isa = PBXFileReference; lastKnownFileType = sourcecode.swift; path = SceneDelegate.swift; sourceTree = "<group>"; };
		A629AC0F2914F2D5000EB710 /* ViewController.swift */ = {isa = PBXFileReference; lastKnownFileType = sourcecode.swift; path = ViewController.swift; sourceTree = "<group>"; };
		A629AC122914F2D5000EB710 /* Base */ = {isa = PBXFileReference; lastKnownFileType = file.storyboard; name = Base; path = Base.lproj/Main.storyboard; sourceTree = "<group>"; };
		A629AC142914F2D6000EB710 /* Assets.xcassets */ = {isa = PBXFileReference; lastKnownFileType = folder.assetcatalog; path = Assets.xcassets; sourceTree = "<group>"; };
		A629AC172914F2D6000EB710 /* Base */ = {isa = PBXFileReference; lastKnownFileType = file.storyboard; name = Base; path = Base.lproj/LaunchScreen.storyboard; sourceTree = "<group>"; };
		A629AC192914F2D6000EB710 /* Info.plist */ = {isa = PBXFileReference; lastKnownFileType = text.plist.xml; path = Info.plist; sourceTree = "<group>"; };
		A629AC1E2914F2D7000EB710 /* calculatorTests.xctest */ = {isa = PBXFileReference; explicitFileType = wrapper.cfbundle; includeInIndex = 0; path = calculatorTests.xctest; sourceTree = BUILT_PRODUCTS_DIR; };
		A629AC222914F2D7000EB710 /* calculatorTests.swift */ = {isa = PBXFileReference; lastKnownFileType = sourcecode.swift; path = calculatorTests.swift; sourceTree = "<group>"; };
		A629AC282914F2D7000EB710 /* calculatorUITests.xctest */ = {isa = PBXFileReference; explicitFileType = wrapper.cfbundle; includeInIndex = 0; path = calculatorUITests.xctest; sourceTree = BUILT_PRODUCTS_DIR; };
		A629AC2C2914F2D7000EB710 /* calculatorUITests.swift */ = {isa = PBXFileReference; lastKnownFileType = sourcecode.swift; path = calculatorUITests.swift; sourceTree = "<group>"; };
		A629AC2E2914F2D7000EB710 /* calculatorUITestsLaunchTests.swift */ = {isa = PBXFileReference; lastKnownFileType = sourcecode.swift; path = calculatorUITestsLaunchTests.swift; sourceTree = "<group>"; };
/* End PBXFileReference section */

/* Begin PBXFrameworksBuildPhase section */
		A629AC052914F2D5000EB710 /* Frameworks */ = {
			isa = PBXFrameworksBuildPhase;
			buildActionMask = 2147483647;
			files = (
			);
			runOnlyForDeploymentPostprocessing = 0;
		};
		A629AC1B2914F2D7000EB710 /* Frameworks */ = {
			isa = PBXFrameworksBuildPhase;
			buildActionMask = 2147483647;
			files = (
			);
			runOnlyForDeploymentPostprocessing = 0;
		};
		A629AC252914F2D7000EB710 /* Frameworks */ = {
			isa = PBXFrameworksBuildPhase;
			buildActionMask = 2147483647;
			files = (
			);
			runOnlyForDeploymentPostprocessing = 0;
		};
/* End PBXFrameworksBuildPhase section */

/* Begin PBXGroup section */
		A629ABFF2914F2D5000EB710 = {
			isa = PBXGroup;
			children = (
				A629AC0A2914F2D5000EB710 /* calculator */,
				A629AC212914F2D7000EB710 /* calculatorTests */,
				A629AC2B2914F2D7000EB710 /* calculatorUITests */,
				A629AC092914F2D5000EB710 /* Products */,
			);
			sourceTree = "<group>";
		};
		A629AC092914F2D5000EB710 /* Products */ = {
			isa = PBXGroup;
			children = (
				A629AC082914F2D5000EB710 /* calculator.app */,
				A629AC1E2914F2D7000EB710 /* calculatorTests.xctest */,
				A629AC282914F2D7000EB710 /* calculatorUITests.xctest */,
			);
			name = Products;
			sourceTree = "<group>";
		};
		A629AC0A2914F2D5000EB710 /* calculator */ = {
			isa = PBXGroup;
			children = (
				A629AC0B2914F2D5000EB710 /* AppDelegate.swift */,
				A629AC0D2914F2D5000EB710 /* SceneDelegate.swift */,
				A629AC0F2914F2D5000EB710 /* ViewController.swift */,
				A629AC112914F2D5000EB710 /* Main.storyboard */,
				A629AC142914F2D6000EB710 /* Assets.xcassets */,
				A629AC162914F2D6000EB710 /* LaunchScreen.storyboard */,
				A629AC192914F2D6000EB710 /* Info.plist */,
			);
			path = calculator;
			sourceTree = "<group>";
		};
		A629AC212914F2D7000EB710 /* calculatorTests */ = {
			isa = PBXGroup;
			children = (
				A629AC222914F2D7000EB710 /* calculatorTests.swift */,
			);
			path = calculatorTests;
			sourceTree = "<group>";
		};
		A629AC2B2914F2D7000EB710 /* calculatorUITests */ = {
			isa = PBXGroup;
			children = (
				A629AC2C2914F2D7000EB710 /* calculatorUITests.swift */,
				A629AC2E2914F2D7000EB710 /* calculatorUITestsLaunchTests.swift */,
			);
			path = calculatorUITests;
			sourceTree = "<group>";
		};
/* End PBXGroup section */

/* Begin PBXNativeTarget section */
		A629AC072914F2D5000EB710 /* calculator */ = {
			isa = PBXNativeTarget;
			buildConfigurationList = A629AC322914F2D7000EB710 /* Build configuration list for PBXNativeTarget "calculator" */;
			buildPhases = (
				A629AC042914F2D5000EB710 /* Sources */,
				A629AC052914F2D5000EB710 /* Frameworks */,
				A629AC062914F2D5000EB710 /* Resources */,
			);
			buildRules = (
			);
			dependencies = (
			);
			name = calculator;
			productName = calculator;
			productReference = A629AC082914F2D5000EB710 /* calculator.app */;
			productType = "com.apple.product-type.application";
		};
		A629AC1D2914F2D7000EB710 /* calculatorTests */ = {
			isa = PBXNativeTarget;
			buildConfigurationList = A629AC352914F2D7000EB710 /* Build configuration list for PBXNativeTarget "calculatorTests" */;
			buildPhases = (
				A629AC1A2914F2D7000EB710 /* Sources */,
				A629AC1B2914F2D7000EB710 /* Frameworks */,
				A629AC1C2914F2D7000EB710 /* Resources */,
			);
			buildRules = (
			);
			dependencies = (
				A629AC202914F2D7000EB710 /* PBXTargetDependency */,
			);
			name = calculatorTests;
			productName = calculatorTests;
			productReference = A629AC1E2914F2D7000EB710 /* calculatorTests.xctest */;
			productType = "com.apple.product-type.bundle.unit-test";
		};
		A629AC272914F2D7000EB710 /* calculatorUITests */ = {
			isa = PBXNativeTarget;
			buildConfigurationList = A629AC382914F2D7000EB710 /* Build configuration list for PBXNativeTarget "calculatorUITests" */;
			buildPhases = (
				A629AC242914F2D7000EB710 /* Sources */,
				A629AC252914F2D7000EB710 /* Frameworks */,
				A629AC262914F2D7000EB710 /* Resources */,
			);
			buildRules = (
			);
			dependencies = (
				A629AC2A2914F2D7000EB710 /* PBXTargetDependency */,
			);
			name = calculatorUITests;
			productName = calculatorUITests;
			productReference = A629AC282914F2D7000EB710 /* calculatorUITests.xctest */;
			productType = "com.apple.product-type.bundle.ui-testing";
		};
/* End PBXNativeTarget section */

/* Begin PBXProject section */
		A629AC002914F2D5000EB710 /* Project object */ = {
			isa = PBXProject;
			attributes = {
				BuildIndependentTargetsInParallel = 1;
				LastSwiftUpdateCheck = 1400;
				LastUpgradeCheck = 1400;
				TargetAttributes = {
					A629AC072914F2D5000EB710 = {
						CreatedOnToolsVersion = 14.0.1;
					};
					A629AC1D2914F2D7000EB710 = {
						CreatedOnToolsVersion = 14.0.1;
						TestTargetID = A629AC072914F2D5000EB710;
					};
					A629AC272914F2D7000EB710 = {
						CreatedOnToolsVersion = 14.0.1;
						TestTargetID = A629AC072914F2D5000EB710;
					};
				};
			};
			buildConfigurationList = A629AC032914F2D5000EB710 /* Build configuration list for PBXProject "calculator" */;
			compatibilityVersion = "Xcode 14.0";
			developmentRegion = en;
			hasScannedForEncodings = 0;
			knownRegions = (
				en,
				Base,
			);
			mainGroup = A629ABFF2914F2D5000EB710;
			productRefGroup = A629AC092914F2D5000EB710 /* Products */;
			projectDirPath = "";
			projectRoot = "";
			targets = (
				A629AC072914F2D5000EB710 /* calculator */,
				A629AC1D2914F2D7000EB710 /* calculatorTests */,
				A629AC272914F2D7000EB710 /* calculatorUITests */,
			);
		};
/* End PBXProject section */

/* Begin PBXResourcesBuildPhase section */
		A629AC062914F2D5000EB710 /* Resources */ = {
			isa = PBXResourcesBuildPhase;
			buildActionMask = 2147483647;
			files = (
				A629AC182914F2D6000EB710 /* LaunchScreen.storyboard in Resources */,
				A629AC152914F2D6000EB710 /* Assets.xcassets in Resources */,
				A629AC132914F2D5000EB710 /* Main.storyboard in Resources */,
			);
			runOnlyForDeploymentPostprocessing = 0;
		};
		A629AC1C2914F2D7000EB710 /* Resources */ = {
			isa = PBXResourcesBuildPhase;
			buildActionMask = 2147483647;
			files = (
			);
			runOnlyForDeploymentPostprocessing = 0;
		};
		A629AC262914F2D7000EB710 /* Resources */ = {
			isa = PBXResourcesBuildPhase;
			buildActionMask = 2147483647;
			files = (
			);
			runOnlyForDeploymentPostprocessing = 0;
		};
/* End PBXResourcesBuildPhase section */

/* Begin PBXSourcesBuildPhase section */
		A629AC042914F2D5000EB710 /* Sources */ = {
			isa = PBXSourcesBuildPhase;
			buildActionMask = 2147483647;
			files = (
				A629AC102914F2D5000EB710 /* ViewController.swift in Sources */,
				A629AC0C2914F2D5000EB710 /* AppDelegate.swift in Sources */,
				A629AC0E2914F2D5000EB710 /* SceneDelegate.swift in Sources */,
			);
			runOnlyForDeploymentPostprocessing = 0;
		};
		A629AC1A2914F2D7000EB710 /* Sources */ = {
			isa = PBXSourcesBuildPhase;
			buildActionMask = 2147483647;
			files = (
				A629AC232914F2D7000EB710 /* calculatorTests.swift in Sources */,
			);
			runOnlyForDeploymentPostprocessing = 0;
		};
		A629AC242914F2D7000EB710 /* Sources */ = {
			isa = PBXSourcesBuildPhase;
			buildActionMask = 2147483647;
			files = (
				A629AC2F2914F2D7000EB710 /* calculatorUITestsLaunchTests.swift in Sources */,
				A629AC2D2914F2D7000EB710 /* calculatorUITests.swift in Sources */,
			);
			runOnlyForDeploymentPostprocessing = 0;
		};
/* End PBXSourcesBuildPhase section */

/* Begin PBXTargetDependency section */
		A629AC202914F2D7000EB710 /* PBXTargetDependency */ = {
			isa = PBXTargetDependency;
			target = A629AC072914F2D5000EB710 /* calculator */;
			targetProxy = A629AC1F2914F2D7000EB710 /* PBXContainerItemProxy */;
		};
		A629AC2A2914F2D7000EB710 /* PBXTargetDependency */ = {
			isa = PBXTargetDependency;
			target = A629AC072914F2D5000EB710 /* calculator */;
			targetProxy = A629AC292914F2D7000EB710 /* PBXContainerItemProxy */;
		};
/* End PBXTargetDependency section */

/* Begin PBXVariantGroup section */
		A629AC112914F2D5000EB710 /* Main.storyboard */ = {
			isa = PBXVariantGroup;
			children = (
				A629AC122914F2D5000EB710 /* Base */,
			);
			name = Main.storyboard;
			sourceTree = "<group>";
		};
		A629AC162914F2D6000EB710 /* LaunchScreen.storyboard */ = {
			isa = PBXVariantGroup;
			children = (
				A629AC172914F2D6000EB710 /* Base */,
			);
			name = LaunchScreen.storyboard;
			sourceTree = "<group>";
		};
/* End PBXVariantGroup section */

/* Begin XCBuildConfiguration section */
		A629AC302914F2D7000EB710 /* Debug */ = {
			isa = XCBuildConfiguration;
			buildSettings = {
				ALWAYS_SEARCH_USER_PATHS = NO;
				CLANG_ANALYZER_NONNULL = YES;
				CLANG_ANALYZER_NUMBER_OBJECT_CONVERSION = YES_AGGRESSIVE;
				CLANG_CXX_LANGUAGE_STANDARD = "gnu++20";
				CLANG_ENABLE_MODULES = YES;
				CLANG_ENABLE_OBJC_ARC = YES;
				CLANG_ENABLE_OBJC_WEAK = YES;
				CLANG_WARN_BLOCK_CAPTURE_AUTORELEASING = YES;
				CLANG_WARN_BOOL_CONVERSION = YES;
				CLANG_WARN_COMMA = YES;
				CLANG_WARN_CONSTANT_CONVERSION = YES;
				CLANG_WARN_DEPRECATED_OBJC_IMPLEMENTATIONS = YES;
				CLANG_WARN_DIRECT_OBJC_ISA_USAGE = YES_ERROR;
				CLANG_WARN_DOCUMENTATION_COMMENTS = YES;
				CLANG_WARN_EMPTY_BODY = YES;
				CLANG_WARN_ENUM_CONVERSION = YES;
				CLANG_WARN_INFINITE_RECURSION = YES;
				CLANG_WARN_INT_CONVERSION = YES;
				CLANG_WARN_NON_LITERAL_NULL_CONVERSION = YES;
				CLANG_WARN_OBJC_IMPLICIT_RETAIN_SELF = YES;
				CLANG_WARN_OBJC_LITERAL_CONVERSION = YES;
				CLANG_WARN_OBJC_ROOT_CLASS = YES_ERROR;
				CLANG_WARN_QUOTED_INCLUDE_IN_FRAMEWORK_HEADER = YES;
				CLANG_WARN_RANGE_LOOP_ANALYSIS = YES;
				CLANG_WARN_STRICT_PROTOTYPES = YES;
				CLANG_WARN_SUSPICIOUS_MOVE = YES;
				CLANG_WARN_UNGUARDED_AVAILABILITY = YES_AGGRESSIVE;
				CLANG_WARN_UNREACHABLE_CODE = YES;
				CLANG_WARN__DUPLICATE_METHOD_MATCH = YES;
				COPY_PHASE_STRIP = NO;
				DEBUG_INFORMATION_FORMAT = dwarf;
				ENABLE_STRICT_OBJC_MSGSEND = YES;
				ENABLE_TESTABILITY = YES;
				GCC_C_LANGUAGE_STANDARD = gnu11;
				GCC_DYNAMIC_NO_PIC = NO;
				GCC_NO_COMMON_BLOCKS = YES;
				GCC_OPTIMIZATION_LEVEL = 0;
				GCC_PREPROCESSOR_DEFINITIONS = (
					"DEBUG=1",
					"$(inherited)",
				);
				GCC_WARN_64_TO_32_BIT_CONVERSION = YES;
				GCC_WARN_ABOUT_RETURN_TYPE = YES_ERROR;
				GCC_WARN_UNDECLARED_SELECTOR = YES;
				GCC_WARN_UNINITIALIZED_AUTOS = YES_AGGRESSIVE;
				GCC_WARN_UNUSED_FUNCTION = YES;
				GCC_WARN_UNUSED_VARIABLE = YES;
				IPHONEOS_DEPLOYMENT_TARGET = 16.0;
				MTL_ENABLE_DEBUG_INFO = INCLUDE_SOURCE;
				MTL_FAST_MATH = YES;
				ONLY_ACTIVE_ARCH = YES;
				SDKROOT = iphoneos;
				SWIFT_ACTIVE_COMPILATION_CONDITIONS = DEBUG;
				SWIFT_OPTIMIZATION_LEVEL = "-Onone";
			};
			name = Debug;
		};
		A629AC312914F2D7000EB710 /* Release */ = {
			isa = XCBuildConfiguration;
			buildSettings = {
				ALWAYS_SEARCH_USER_PATHS = NO;
				CLANG_ANALYZER_NONNULL = YES;
				CLANG_ANALYZER_NUMBER_OBJECT_CONVERSION = YES_AGGRESSIVE;
				CLANG_CXX_LANGUAGE_STANDARD = "gnu++20";
				CLANG_ENABLE_MODULES = YES;
				CLANG_ENABLE_OBJC_ARC = YES;
				CLANG_ENABLE_OBJC_WEAK = YES;
				CLANG_WARN_BLOCK_CAPTURE_AUTORELEASING = YES;
				CLANG_WARN_BOOL_CONVERSION = YES;
				CLANG_WARN_COMMA = YES;
				CLANG_WARN_CONSTANT_CONVERSION = YES;
				CLANG_WARN_DEPRECATED_OBJC_IMPLEMENTATIONS = YES;
				CLANG_WARN_DIRECT_OBJC_ISA_USAGE = YES_ERROR;
				CLANG_WARN_DOCUMENTATION_COMMENTS = YES;
				CLANG_WARN_EMPTY_BODY = YES;
				CLANG_WARN_ENUM_CONVERSION = YES;
				CLANG_WARN_INFINITE_RECURSION = YES;
				CLANG_WARN_INT_CONVERSION = YES;
				CLANG_WARN_NON_LITERAL_NULL_CONVERSION = YES;
				CLANG_WARN_OBJC_IMPLICIT_RETAIN_SELF = YES;
				CLANG_WARN_OBJC_LITERAL_CONVERSION = YES;
				CLANG_WARN_OBJC_ROOT_CLASS = YES_ERROR;
				CLANG_WARN_QUOTED_INCLUDE_IN_FRAMEWORK_HEADER = YES;
				CLANG_WARN_RANGE_LOOP_ANALYSIS = YES;
				CLANG_WARN_STRICT_PROTOTYPES = YES;
				CLANG_WARN_SUSPICIOUS_MOVE = YES;
				CLANG_WARN_UNGUARDED_AVAILABILITY = YES_AGGRESSIVE;
				CLANG_WARN_UNREACHABLE_CODE = YES;
				CLANG_WARN__DUPLICATE_METHOD_MATCH = YES;
				COPY_PHASE_STRIP = NO;
				DEBUG_INFORMATION_FORMAT = "dwarf-with-dsym";
				ENABLE_NS_ASSERTIONS = NO;
				ENABLE_STRICT_OBJC_MSGSEND = YES;
				GCC_C_LANGUAGE_STANDARD = gnu11;
				GCC_NO_COMMON_BLOCKS = YES;
				GCC_WARN_64_TO_32_BIT_CONVERSION = YES;
				GCC_WARN_ABOUT_RETURN_TYPE = YES_ERROR;
				GCC_WARN_UNDECLARED_SELECTOR = YES;
				GCC_WARN_UNINITIALIZED_AUTOS = YES_AGGRESSIVE;
				GCC_WARN_UNUSED_FUNCTION = YES;
				GCC_WARN_UNUSED_VARIABLE = YES;
				IPHONEOS_DEPLOYMENT_TARGET = 16.0;
				MTL_ENABLE_DEBUG_INFO = NO;
				MTL_FAST_MATH = YES;
				SDKROOT = iphoneos;
				SWIFT_COMPILATION_MODE = wholemodule;
				SWIFT_OPTIMIZATION_LEVEL = "-O";
				VALIDATE_PRODUCT = YES;
			};
			name = Release;
		};
		A629AC332914F2D7000EB710 /* Debug */ = {
			isa = XCBuildConfiguration;
			buildSettings = {
				ASSETCATALOG_COMPILER_APPICON_NAME = AppIcon;
				ASSETCATALOG_COMPILER_GLOBAL_ACCENT_COLOR_NAME = AccentColor;
				CODE_SIGN_STYLE = Automatic;
				CURRENT_PROJECT_VERSION = 1;
				DEVELOPMENT_TEAM = KSN2PQYKMZ;
				GENERATE_INFOPLIST_FILE = YES;
				INFOPLIST_FILE = calculator/Info.plist;
				INFOPLIST_KEY_UIApplicationSupportsIndirectInputEvents = YES;
				INFOPLIST_KEY_UILaunchStoryboardName = LaunchScreen;
				INFOPLIST_KEY_UIMainStoryboardFile = Main;
				INFOPLIST_KEY_UISupportedInterfaceOrientations_iPad = "UIInterfaceOrientationPortrait UIInterfaceOrientationPortraitUpsideDown UIInterfaceOrientationLandscapeLeft UIInterfaceOrientationLandscapeRight";
				INFOPLIST_KEY_UISupportedInterfaceOrientations_iPhone = "UIInterfaceOrientationPortrait UIInterfaceOrientationLandscapeLeft UIInterfaceOrientationLandscapeRight";
				LD_RUNPATH_SEARCH_PATHS = (
					"$(inherited)",
					"@executable_path/Frameworks",
				);
				MARKETING_VERSION = 1.0;
				PRODUCT_BUNDLE_IDENTIFIER = com.boss.calculator;
				PRODUCT_NAME = "$(TARGET_NAME)";
				SWIFT_EMIT_LOC_STRINGS = YES;
				SWIFT_VERSION = 5.0;
				TARGETED_DEVICE_FAMILY = "1,2";
			};
			name = Debug;
		};
		A629AC342914F2D7000EB710 /* Release */ = {
			isa = XCBuildConfiguration;
			buildSettings = {
				ASSETCATALOG_COMPILER_APPICON_NAME = AppIcon;
				ASSETCATALOG_COMPILER_GLOBAL_ACCENT_COLOR_NAME = AccentColor;
				CODE_SIGN_STYLE = Automatic;
				CURRENT_PROJECT_VERSION = 1;
				DEVELOPMENT_TEAM = KSN2PQYKMZ;
				GENERATE_INFOPLIST_FILE = YES;
				INFOPLIST_FILE = calculator/Info.plist;
				INFOPLIST_KEY_UIApplicationSupportsIndirectInputEvents = YES;
				INFOPLIST_KEY_UILaunchStoryboardName = LaunchScreen;
				INFOPLIST_KEY_UIMainStoryboardFile = Main;
				INFOPLIST_KEY_UISupportedInterfaceOrientations_iPad = "UIInterfaceOrientationPortrait UIInterfaceOrientationPortraitUpsideDown UIInterfaceOrientationLandscapeLeft UIInterfaceOrientationLandscapeRight";
				INFOPLIST_KEY_UISupportedInterfaceOrientations_iPhone = "UIInterfaceOrientationPortrait UIInterfaceOrientationLandscapeLeft UIInterfaceOrientationLandscapeRight";
				LD_RUNPATH_SEARCH_PATHS = (
					"$(inherited)",
					"@executable_path/Frameworks",
				);
				MARKETING_VERSION = 1.0;
				PRODUCT_BUNDLE_IDENTIFIER = com.boss.calculator;
				PRODUCT_NAME = "$(TARGET_NAME)";
				SWIFT_EMIT_LOC_STRINGS = YES;
				SWIFT_VERSION = 5.0;
				TARGETED_DEVICE_FAMILY = "1,2";
			};
			name = Release;
		};
		A629AC362914F2D7000EB710 /* Debug */ = {
			isa = XCBuildConfiguration;
			buildSettings = {
				ALWAYS_EMBED_SWIFT_STANDARD_LIBRARIES = YES;
				BUNDLE_LOADER = "$(TEST_HOST)";
				CODE_SIGN_STYLE = Automatic;
				CURRENT_PROJECT_VERSION = 1;
				DEVELOPMENT_TEAM = KSN2PQYKMZ;
				GENERATE_INFOPLIST_FILE = YES;
				IPHONEOS_DEPLOYMENT_TARGET = 16.0;
				MARKETING_VERSION = 1.0;
				PRODUCT_BUNDLE_IDENTIFIER = com.boss.calculatorTests;
				PRODUCT_NAME = "$(TARGET_NAME)";
				SWIFT_EMIT_LOC_STRINGS = NO;
				SWIFT_VERSION = 5.0;
				TARGETED_DEVICE_FAMILY = "1,2";
				TEST_HOST = "$(BUILT_PRODUCTS_DIR)/calculator.app/$(BUNDLE_EXECUTABLE_FOLDER_PATH)/calculator";
			};
			name = Debug;
		};
		A629AC372914F2D7000EB710 /* Release */ = {
			isa = XCBuildConfiguration;
			buildSettings = {
				ALWAYS_EMBED_SWIFT_STANDARD_LIBRARIES = YES;
				BUNDLE_LOADER = "$(TEST_HOST)";
				CODE_SIGN_STYLE = Automatic;
				CURRENT_PROJECT_VERSION = 1;
				DEVELOPMENT_TEAM = KSN2PQYKMZ;
				GENERATE_INFOPLIST_FILE = YES;
				IPHONEOS_DEPLOYMENT_TARGET = 16.0;
				MARKETING_VERSION = 1.0;
				PRODUCT_BUNDLE_IDENTIFIER = com.boss.calculatorTests;
				PRODUCT_NAME = "$(TARGET_NAME)";
				SWIFT_EMIT_LOC_STRINGS = NO;
				SWIFT_VERSION = 5.0;
				TARGETED_DEVICE_FAMILY = "1,2";
				TEST_HOST = "$(BUILT_PRODUCTS_DIR)/calculator.app/$(BUNDLE_EXECUTABLE_FOLDER_PATH)/calculator";
			};
			name = Release;
		};
		A629AC392914F2D7000EB710 /* Debug */ = {
			isa = XCBuildConfiguration;
			buildSettings = {
				ALWAYS_EMBED_SWIFT_STANDARD_LIBRARIES = YES;
				CODE_SIGN_STYLE = Automatic;
				CURRENT_PROJECT_VERSION = 1;
				DEVELOPMENT_TEAM = KSN2PQYKMZ;
				GENERATE_INFOPLIST_FILE = YES;
				MARKETING_VERSION = 1.0;
				PRODUCT_BUNDLE_IDENTIFIER = com.boss.calculatorUITests;
				PRODUCT_NAME = "$(TARGET_NAME)";
				SWIFT_EMIT_LOC_STRINGS = NO;
				SWIFT_VERSION = 5.0;
				TARGETED_DEVICE_FAMILY = "1,2";
				TEST_TARGET_NAME = calculator;
			};
			name = Debug;
		};
		A629AC3A2914F2D7000EB710 /* Release */ = {
			isa = XCBuildConfiguration;
			buildSettings = {
				ALWAYS_EMBED_SWIFT_STANDARD_LIBRARIES = YES;
				CODE_SIGN_STYLE = Automatic;
				CURRENT_PROJECT_VERSION = 1;
				DEVELOPMENT_TEAM = KSN2PQYKMZ;
				GENERATE_INFOPLIST_FILE = YES;
				MARKETING_VERSION = 1.0;
				PRODUCT_BUNDLE_IDENTIFIER = com.boss.calculatorUITests;
				PRODUCT_NAME = "$(TARGET_NAME)";
				SWIFT_EMIT_LOC_STRINGS = NO;
				SWIFT_VERSION = 5.0;
				TARGETED_DEVICE_FAMILY = "1,2";
				TEST_TARGET_NAME = calculator;
			};
			name = Release;
		};
/* End XCBuildConfiguration section */

/* Begin XCConfigurationList section */
		A629AC032914F2D5000EB710 /* Build configuration list for PBXProject "calculator" */ = {
			isa = XCConfigurationList;
			buildConfigurations = (
				A629AC302914F2D7000EB710 /* Debug */,
				A629AC312914F2D7000EB710 /* Release */,
			);
			defaultConfigurationIsVisible = 0;
			defaultConfigurationName = Release;
		};
		A629AC322914F2D7000EB710 /* Build configuration list for PBXNativeTarget "calculator" */ = {
			isa = XCConfigurationList;
			buildConfigurations = (
				A629AC332914F2D7000EB710 /* Debug */,
				A629AC342914F2D7000EB710 /* Release */,
			);
			defaultConfigurationIsVisible = 0;
			defaultConfigurationName = Release;
		};
		A629AC352914F2D7000EB710 /* Build configuration list for PBXNativeTarget "calculatorTests" */ = {
			isa = XCConfigurationList;
			buildConfigurations = (
				A629AC362914F2D7000EB710 /* Debug */,
				A629AC372914F2D7000EB710 /* Release */,
			);
			defaultConfigurationIsVisible = 0;
			defaultConfigurationName = Release;
		};
		A629AC382914F2D7000EB710 /* Build configuration list for PBXNativeTarget "calculatorUITests" */ = {
			isa = XCConfigurationList;
			buildConfigurations = (
				A629AC392914F2D7000EB710 /* Debug */,
				A629AC3A2914F2D7000EB710 /* Release */,
			);
			defaultConfigurationIsVisible = 0;
			defaultConfigurationName = Release;
		};
/* End XCConfigurationList section */
	};
	rootObject = A629AC002914F2D5000EB710 /* Project object */;
}
